
Microsoft Visual Studio Solution File, Format Version 12.00
# Visual Studio Version 16
VisualStudioVersion = 16.0.30225.117
MinimumVisualStudioVersion = 10.0.40219.1
Project("{8BC9CEB8-8B4A-11D0-8D11-00A0C91BC942}") = "isomorphism", "isomorphism\isomorphism.vcxproj", "{B88E346D-3A32-42FC-8327-93D55A6F8772}"
EndProject
Global
	GlobalSection(SolutionConfigurationPlatforms) = preSolution
		Debug|x64 = Debug|x64
		Debug|x86 = Debug|x86
		Release|x64 = Release|x64
		Release|x86 = Release|x86
	EndGlobalSection
	GlobalSection(ProjectConfigurationPlatforms) = postSolution
		{B88E346D-3A32-42FC-8327-93D55A6F8772}.Debug|x64.ActiveCfg = Debug|x64
		{B88E346D-3A32-42FC-8327-93D55A6F8772}.Debug|x64.Build.0 = Debug|x64
		{B88E346D-3A32-42FC-8327-93D55A6F8772}.Debug|x86.ActiveCfg = Debug|Win32
		{B88E346D-3A32-42FC-8327-93D55A6F8772}.Debug|x86.Build.0 = Debug|Win32
		{B88E346D-3A32-42FC-8327-93D55A6F8772}.Release|x64.ActiveCfg = Release|x64
		{B88E346D-3A32-42FC-8327-93D55A6F8772}.Release|x64.Build.0 = Release|x64
		{B88E346D-3A32-42FC-8327-93D55A6F8772}.Release|x86.ActiveCfg = Release|Win32
		{B88E346D-3A32-42FC-8327-93D55A6F8772}.Release|x86.Build.0 = Release|Win32
	EndGlobalSection
	GlobalSection(SolutionProperties) = preSolution
		HideSolutionNode = FALSE
	EndGlobalSection
	GlobalSection(ExtensibilityGlobals) = postSolution
		SolutionGuid = {F6CDE083-3B31-4ECD-B32C-C74A8B828CBD}
	EndGlobalSection
EndGlobal
